
Microsoft Visual Studio Solution File, Format Version 12.00
# Visual Studio Version 17
VisualStudioVersion = 17.3.32825.248
MinimumVisualStudioVersion = 10.0.40219.1
Project("{FAE04EC0-301F-11D3-BF4B-00C04F79EFBC}") = "pooMensagem", "pooMensagem\pooMensagem.csproj", "{69322802-22EA-4256-889B-2DD5C6B37C1A}"
EndProject
Global
	GlobalSection(SolutionConfigurationPlatforms) = preSolution
		Debug|Any CPU = Debug|Any CPU
		Release|Any CPU = Release|Any CPU
	EndGlobalSection
	GlobalSection(ProjectConfigurationPlatforms) = postSolution
		{69322802-22EA-4256-889B-2DD5C6B37C1A}.Debug|Any CPU.ActiveCfg = Debug|Any CPU
		{69322802-22EA-4256-889B-2DD5C6B37C1A}.Debug|Any CPU.Build.0 = Debug|Any CPU
		{69322802-22EA-4256-889B-2DD5C6B37C1A}.Release|Any CPU.ActiveCfg = Release|Any CPU
		{69322802-22EA-4256-889B-2DD5C6B37C1A}.Release|Any CPU.Build.0 = Release|Any CPU
	EndGlobalSection
	GlobalSection(SolutionProperties) = preSolution
		HideSolutionNode = FALSE
	EndGlobalSection
	GlobalSection(ExtensibilityGlobals) = postSolution
		SolutionGuid = {2904DCB1-044C-4380-9887-5FC2837EE0C7}
	EndGlobalSection
EndGlobal
